<?xml version="1.0" encoding="UTF-8" standalone="yes" ?>
<CodeBlocks_project_file>
	<FileVersion major="1" minor="6" />
	<Project>
		<Option title="Bomberman-2" />
		<Option pch_mode="2" />
		<Option compiler="gcc" />
		<Build>
			<Target title="Debug">
				<Option output="bin/Debug/Bomberman-2" prefix_auto="1" extension_auto="1" />
				<Option object_output="obj/Debug/" />
				<Option type="1" />
				<Option compiler="gcc" />
				<Compiler>
					<Add option="-g" />
					<Add directory="include" />
				</Compiler>
			</Target>
			<Target title="Release">
				<Option output="bin/Release/Bomberman-2" prefix_auto="1" extension_auto="1" />
				<Option object_output="obj/Release/" />
				<Option type="1" />
				<Option compiler="gcc" />
				<Compiler>
					<Add option="-O2" />
					<Add directory="include" />
				</Compiler>
				<Linker>
					<Add option="-s" />
				</Linker>
			</Target>
		</Build>
		<Compiler>
			<Add option="-Wall" />
		</Compiler>
		<Unit filename="include/BBomb.h" />
		<Unit filename="include/BDemon.h" />
		<Unit filename="include/BEasyMap.h" />
		<Unit filename="include/BGame.h" />
		<Unit filename="include/BMan.h" />
		<Unit filename="include/BMap.h" />
		<Unit filename="include/BMenu.h" />
		<Unit filename="include/BPerson.h" />
		<Unit filename="main.cpp" />
		<Unit filename="src/BBomb.cpp" />
		<Unit filename="src/BDemon.cpp" />
		<Unit filename="src/BEasyMap.cpp" />
		<Unit filename="src/BGame.cpp" />
		<Unit filename="src/BMan.cpp" />
		<Unit filename="src/BMap.cpp" />
		<Unit filename="src/BMenu.cpp" />
		<Unit filename="src/BPerson.cpp" />
		<Extensions>
			<code_completion />
			<envvars />
			<debugger />
			<lib_finder disable_auto="1" />
		</Extensions>
	</Project>
</CodeBlocks_project_file>
